
Microsoft Visual Studio Solution File, Format Version 12.00
# Visual Studio Version 17
VisualStudioVersion = 17.7.34009.444
MinimumVisualStudioVersion = 10.0.40219.1
Project("{FAE04EC0-301F-11D3-BF4B-00C04F79EFBC}") = "MeetingScheduler", "MeetingScheduler\MeetingScheduler.csproj", "{510688AA-E1DD-4CFF-802C-6E37A1739356}"
EndProject
Global
	GlobalSection(SolutionConfigurationPlatforms) = preSolution
		Debug|Any CPU = Debug|Any CPU
		Release|Any CPU = Release|Any CPU
	EndGlobalSection
	GlobalSection(ProjectConfigurationPlatforms) = postSolution
		{510688AA-E1DD-4CFF-802C-6E37A1739356}.Debug|Any CPU.ActiveCfg = Debug|Any CPU
		{510688AA-E1DD-4CFF-802C-6E37A1739356}.Debug|Any CPU.Build.0 = Debug|Any CPU
		{510688AA-E1DD-4CFF-802C-6E37A1739356}.Release|Any CPU.ActiveCfg = Release|Any CPU
		{510688AA-E1DD-4CFF-802C-6E37A1739356}.Release|Any CPU.Build.0 = Release|Any CPU
	EndGlobalSection
	GlobalSection(SolutionProperties) = preSolution
		HideSolutionNode = FALSE
	EndGlobalSection
	GlobalSection(ExtensibilityGlobals) = postSolution
		SolutionGuid = {1355A6E6-370D-447F-8C77-32569040C38D}
	EndGlobalSection
EndGlobal
